
Microsoft Visual Studio Solution File, Format Version 12.00
# Visual Studio Version 17
VisualStudioVersion = 17.12.35707.178 d17.12
MinimumVisualStudioVersion = 10.0.40219.1
Project("{2150E333-8FDC-42A3-9474-1A3956D46DE8}") = "Lesson_02", "Lesson_02", "{554CDF36-9A29-452D-B2B8-DE11D3F8165D}"
EndProject
Project("{FAE04EC0-301F-11D3-BF4B-00C04F79EFBC}") = "Task_02_02", "Task_02_02\Task_02_02.csproj", "{C02F8F2C-94C1-4E1C-93D3-F0774A4C4DC3}"
EndProject
Project("{FAE04EC0-301F-11D3-BF4B-00C04F79EFBC}") = "Task_02_04", "Task_02_04\Task_02_04.csproj", "{E603E233-9BB9-458C-8857-FD1F1AA3B64B}"
EndProject
Project("{2150E333-8FDC-42A3-9474-1A3956D46DE8}") = "Lesson_03", "Lesson_03", "{03592B15-C87F-4CF7-9E59-BB78EE48C682}"
EndProject
Project("{FAE04EC0-301F-11D3-BF4B-00C04F79EFBC}") = "Task_03_04", "Task_03_04\Task_03_04.csproj", "{91C8F591-129C-44A8-A506-10C7B835FD11}"
EndProject
Project("{FAE04EC0-301F-11D3-BF4B-00C04F79EFBC}") = "Task_03_05", "Task_03_05\Task_03_05.csproj", "{71842D4E-4A75-42FC-B5B6-399B2F94F5BC}"
EndProject
Global
	GlobalSection(SolutionConfigurationPlatforms) = preSolution
		Debug|Any CPU = Debug|Any CPU
		Release|Any CPU = Release|Any CPU
	EndGlobalSection
	GlobalSection(ProjectConfigurationPlatforms) = postSolution
		{C02F8F2C-94C1-4E1C-93D3-F0774A4C4DC3}.Debug|Any CPU.ActiveCfg = Debug|Any CPU
		{C02F8F2C-94C1-4E1C-93D3-F0774A4C4DC3}.Debug|Any CPU.Build.0 = Debug|Any CPU
		{C02F8F2C-94C1-4E1C-93D3-F0774A4C4DC3}.Release|Any CPU.ActiveCfg = Release|Any CPU
		{C02F8F2C-94C1-4E1C-93D3-F0774A4C4DC3}.Release|Any CPU.Build.0 = Release|Any CPU
		{E603E233-9BB9-458C-8857-FD1F1AA3B64B}.Debug|Any CPU.ActiveCfg = Debug|Any CPU
		{E603E233-9BB9-458C-8857-FD1F1AA3B64B}.Debug|Any CPU.Build.0 = Debug|Any CPU
		{E603E233-9BB9-458C-8857-FD1F1AA3B64B}.Release|Any CPU.ActiveCfg = Release|Any CPU
		{E603E233-9BB9-458C-8857-FD1F1AA3B64B}.Release|Any CPU.Build.0 = Release|Any CPU
		{91C8F591-129C-44A8-A506-10C7B835FD11}.Debug|Any CPU.ActiveCfg = Debug|Any CPU
		{91C8F591-129C-44A8-A506-10C7B835FD11}.Debug|Any CPU.Build.0 = Debug|Any CPU
		{91C8F591-129C-44A8-A506-10C7B835FD11}.Release|Any CPU.ActiveCfg = Release|Any CPU
		{91C8F591-129C-44A8-A506-10C7B835FD11}.Release|Any CPU.Build.0 = Release|Any CPU
		{71842D4E-4A75-42FC-B5B6-399B2F94F5BC}.Debug|Any CPU.ActiveCfg = Debug|Any CPU
		{71842D4E-4A75-42FC-B5B6-399B2F94F5BC}.Debug|Any CPU.Build.0 = Debug|Any CPU
		{71842D4E-4A75-42FC-B5B6-399B2F94F5BC}.Release|Any CPU.ActiveCfg = Release|Any CPU
		{71842D4E-4A75-42FC-B5B6-399B2F94F5BC}.Release|Any CPU.Build.0 = Release|Any CPU
	EndGlobalSection
	GlobalSection(SolutionProperties) = preSolution
		HideSolutionNode = FALSE
	EndGlobalSection
	GlobalSection(NestedProjects) = preSolution
		{C02F8F2C-94C1-4E1C-93D3-F0774A4C4DC3} = {554CDF36-9A29-452D-B2B8-DE11D3F8165D}
		{E603E233-9BB9-458C-8857-FD1F1AA3B64B} = {554CDF36-9A29-452D-B2B8-DE11D3F8165D}
		{91C8F591-129C-44A8-A506-10C7B835FD11} = {03592B15-C87F-4CF7-9E59-BB78EE48C682}
		{71842D4E-4A75-42FC-B5B6-399B2F94F5BC} = {03592B15-C87F-4CF7-9E59-BB78EE48C682}
	EndGlobalSection
EndGlobal
