
Microsoft Visual Studio Solution File, Format Version 12.00
# Visual Studio Version 17
VisualStudioVersion = 17.12.35707.178
MinimumVisualStudioVersion = 10.0.40219.1
Project("{2150E333-8FDC-42A3-9474-1A3956D46DE8}") = "Lesson_02", "Lesson_02", "{554CDF36-9A29-452D-B2B8-DE11D3F8165D}"
EndProject
Project("{FAE04EC0-301F-11D3-BF4B-00C04F79EFBC}") = "Task_02_02", "Task_02_02\Task_02_02.csproj", "{C02F8F2C-94C1-4E1C-93D3-F0774A4C4DC3}"
EndProject
Project("{FAE04EC0-301F-11D3-BF4B-00C04F79EFBC}") = "Task_02_04", "Task_02_04\Task_02_04.csproj", "{E603E233-9BB9-458C-8857-FD1F1AA3B64B}"
EndProject
Project("{2150E333-8FDC-42A3-9474-1A3956D46DE8}") = "Lesson_03", "Lesson_03", "{03592B15-C87F-4CF7-9E59-BB78EE48C682}"
EndProject
Project("{FAE04EC0-301F-11D3-BF4B-00C04F79EFBC}") = "Task_03_04", "Task_03_04\Task_03_04.csproj", "{91C8F591-129C-44A8-A506-10C7B835FD11}"
EndProject
Project("{FAE04EC0-301F-11D3-BF4B-00C04F79EFBC}") = "Task_03_05", "Task_03_05\Task_03_05.csproj", "{71842D4E-4A75-42FC-B5B6-399B2F94F5BC}"
EndProject
Project("{FAE04EC0-301F-11D3-BF4B-00C04F79EFBC}") = "Task_03_06", "Task_03_06\Task_03_06.csproj", "{4A653270-35DF-475A-BA11-63612B9585C8}"
EndProject
Project("{FAE04EC0-301F-11D3-BF4B-00C04F79EFBC}") = "Task_03_07", "Task_03_07\Task_03_07.csproj", "{0DAAB488-C549-425F-A8CA-F0F6B2542E09}"
EndProject
Project("{FAE04EC0-301F-11D3-BF4B-00C04F79EFBC}") = "Task_03_08", "Task_03_08\Task_03_08.csproj", "{046FCD61-0B28-4DB0-9628-19381CE9A739}"
EndProject
Project("{FAE04EC0-301F-11D3-BF4B-00C04F79EFBC}") = "Task_03_09", "Task_03_09\Task_03_09.csproj", "{1FBEE02C-AFC1-47E8-98D9-C3F131E1F9B4}"
EndProject
Project("{2150E333-8FDC-42A3-9474-1A3956D46DE8}") = "Lesson_04", "Lesson_04", "{618BC7E3-F342-4530-B5A6-B329E7CBF530}"
EndProject
Project("{FAE04EC0-301F-11D3-BF4B-00C04F79EFBC}") = "Task__04_05", "Task__04_05\Task__04_05.csproj", "{B6747925-1987-471E-9F57-D06F69488FDE}"
EndProject
Project("{FAE04EC0-301F-11D3-BF4B-00C04F79EFBC}") = "Task_04_06", "Task_04_06\Task_04_06.csproj", "{5F8AC57C-220D-498B-97B2-93C774319B53}"
EndProject
Project("{FAE04EC0-301F-11D3-BF4B-00C04F79EFBC}") = "Task_04_07", "Task_04_07\Task_04_07.csproj", "{9EBC8C65-649D-4384-9082-3ECC15BDA5C7}"
EndProject
Project("{FAE04EC0-301F-11D3-BF4B-00C04F79EFBC}") = "Task_04_08", "Task_04_08\Task_04_08.csproj", "{AFECC801-281B-428B-8A0D-F92EE7D75C69}"
EndProject
Project("{FAE04EC0-301F-11D3-BF4B-00C04F79EFBC}") = "Task_04_09", "Task_04_09\Task_04_09.csproj", "{316B263E-C3E2-4FB3-B213-9CD4368CF6E5}"
EndProject
Project("{FAE04EC0-301F-11D3-BF4B-00C04F79EFBC}") = "Task_04_10", "Task_04_10\Task_04_10.csproj", "{02113838-1CF1-4205-BDD1-4D807FFF1164}"
EndProject
Project("{2150E333-8FDC-42A3-9474-1A3956D46DE8}") = "Lesson_05", "Lesson_05", "{131AB8DD-B43D-4415-8213-A2D5CA065CA3}"
EndProject
Project("{FAE04EC0-301F-11D3-BF4B-00C04F79EFBC}") = "Task_05_03_", "Task_05_03_\Task_05_03_.csproj", "{A2D93477-DE59-491E-B477-1B8F5653C1D8}"
EndProject
Project("{FAE04EC0-301F-11D3-BF4B-00C04F79EFBC}") = "Task_05_04__", "Task_05_04__\Task_05_04__.csproj", "{8191ED4C-AFA7-4554-8508-F79A9838CEA4}"
EndProject
Project("{FAE04EC0-301F-11D3-BF4B-00C04F79EFBC}") = "Task_05_05", "Task_05_05\Task_05_05.csproj", "{1A8DA0A9-FBFC-47A3-A1EC-768953BC9A52}"
EndProject
Project("{FAE04EC0-301F-11D3-BF4B-00C04F79EFBC}") = "Task_05_06", "Task_05_06\Task_05_06.csproj", "{6693E614-55F7-47C0-8F19-A1F5700C2129}"
EndProject
Project("{FAE04EC0-301F-11D3-BF4B-00C04F79EFBC}") = "Task_05_07", "Task_05_07\Task_05_07.csproj", "{29CA07CC-E9AA-4E2A-AD22-406461A081EF}"
EndProject
Project("{FAE04EC0-301F-11D3-BF4B-00C04F79EFBC}") = "ConsoleAppTask_05_08", "ConsoleAppTask_05_08\ConsoleAppTask_05_08.csproj", "{36681A2C-6CD0-463D-B862-BDB02A01387B}"
EndProject
Project("{FAE04EC0-301F-11D3-BF4B-00C04F79EFBC}") = "Task_05_09", "Task_05_09\Task_05_09.csproj", "{EAF12A30-01F3-454F-9964-576E3D337DAA}"
EndProject
Project("{2150E333-8FDC-42A3-9474-1A3956D46DE8}") = "Lesson_10", "Lesson_10", "{38ED95E8-1E8D-4F42-B57F-F926AEB33D8C}"
EndProject
Project("{FAE04EC0-301F-11D3-BF4B-00C04F79EFBC}") = "Task_10_06", "Task_10_06\Task_10_06.csproj", "{2292DB09-EE20-4C74-B9BC-72BD13CE9F30}"
EndProject
Project("{FAE04EC0-301F-11D3-BF4B-00C04F79EFBC}") = "Task_10_07", "Task_10_07\Task_10_07.csproj", "{FE573B3A-1311-4943-9F4B-AF7B6528E9FE}"
EndProject
Project("{FAE04EC0-301F-11D3-BF4B-00C04F79EFBC}") = "Task_10_08", "Task_10_08\Task_10_08.csproj", "{3D64E366-BA39-437C-8E3C-6852DABE0F65}"
EndProject
Project("{FAE04EC0-301F-11D3-BF4B-00C04F79EFBC}") = "Task_11_01", "Task_11_01\Task_11_01.csproj", "{FA332081-88BF-461B-ADE7-AA99D1E88022}"
EndProject
Project("{2150E333-8FDC-42A3-9474-1A3956D46DE8}") = "Lesson_11", "Lesson_11", "{D7BD56C5-4BF3-4571-B48F-FB48CCD10D53}"
EndProject
Project("{FAE04EC0-301F-11D3-BF4B-00C04F79EFBC}") = "Task_11_02", "Task_11_02\Task_11_02.csproj", "{A7A9E80E-5848-40A0-961D-36AE50D754A3}"
EndProject
Project("{FAE04EC0-301F-11D3-BF4B-00C04F79EFBC}") = "Task_11_03", "Task_11_03\Task_11_03.csproj", "{5DCA69CF-0D72-4A2A-B918-3D949E8A10BB}"
EndProject
Project("{FAE04EC0-301F-11D3-BF4B-00C04F79EFBC}") = "Task_11_04", "Task_11_04\Task_11_04.csproj", "{9CCD2E1F-079D-4C82-B8B2-E59E51BDFB67}"
EndProject
Project("{FAE04EC0-301F-11D3-BF4B-00C04F79EFBC}") = "Task_11_05", "Task_11_05\Task_11_05.csproj", "{5D72B30B-089B-4FFC-8F5F-0B6425344D71}"
EndProject
Global
	GlobalSection(SolutionConfigurationPlatforms) = preSolution
		Debug|Any CPU = Debug|Any CPU
		Release|Any CPU = Release|Any CPU
	EndGlobalSection
	GlobalSection(ProjectConfigurationPlatforms) = postSolution
		{C02F8F2C-94C1-4E1C-93D3-F0774A4C4DC3}.Debug|Any CPU.ActiveCfg = Debug|Any CPU
		{C02F8F2C-94C1-4E1C-93D3-F0774A4C4DC3}.Debug|Any CPU.Build.0 = Debug|Any CPU
		{C02F8F2C-94C1-4E1C-93D3-F0774A4C4DC3}.Release|Any CPU.ActiveCfg = Release|Any CPU
		{C02F8F2C-94C1-4E1C-93D3-F0774A4C4DC3}.Release|Any CPU.Build.0 = Release|Any CPU
		{E603E233-9BB9-458C-8857-FD1F1AA3B64B}.Debug|Any CPU.ActiveCfg = Debug|Any CPU
		{E603E233-9BB9-458C-8857-FD1F1AA3B64B}.Debug|Any CPU.Build.0 = Debug|Any CPU
		{E603E233-9BB9-458C-8857-FD1F1AA3B64B}.Release|Any CPU.ActiveCfg = Release|Any CPU
		{E603E233-9BB9-458C-8857-FD1F1AA3B64B}.Release|Any CPU.Build.0 = Release|Any CPU
		{91C8F591-129C-44A8-A506-10C7B835FD11}.Debug|Any CPU.ActiveCfg = Debug|Any CPU
		{91C8F591-129C-44A8-A506-10C7B835FD11}.Debug|Any CPU.Build.0 = Debug|Any CPU
		{91C8F591-129C-44A8-A506-10C7B835FD11}.Release|Any CPU.ActiveCfg = Release|Any CPU
		{91C8F591-129C-44A8-A506-10C7B835FD11}.Release|Any CPU.Build.0 = Release|Any CPU
		{71842D4E-4A75-42FC-B5B6-399B2F94F5BC}.Debug|Any CPU.ActiveCfg = Debug|Any CPU
		{71842D4E-4A75-42FC-B5B6-399B2F94F5BC}.Debug|Any CPU.Build.0 = Debug|Any CPU
		{71842D4E-4A75-42FC-B5B6-399B2F94F5BC}.Release|Any CPU.ActiveCfg = Release|Any CPU
		{71842D4E-4A75-42FC-B5B6-399B2F94F5BC}.Release|Any CPU.Build.0 = Release|Any CPU
		{4A653270-35DF-475A-BA11-63612B9585C8}.Debug|Any CPU.ActiveCfg = Debug|Any CPU
		{4A653270-35DF-475A-BA11-63612B9585C8}.Debug|Any CPU.Build.0 = Debug|Any CPU
		{4A653270-35DF-475A-BA11-63612B9585C8}.Release|Any CPU.ActiveCfg = Release|Any CPU
		{4A653270-35DF-475A-BA11-63612B9585C8}.Release|Any CPU.Build.0 = Release|Any CPU
		{0DAAB488-C549-425F-A8CA-F0F6B2542E09}.Debug|Any CPU.ActiveCfg = Debug|Any CPU
		{0DAAB488-C549-425F-A8CA-F0F6B2542E09}.Debug|Any CPU.Build.0 = Debug|Any CPU
		{0DAAB488-C549-425F-A8CA-F0F6B2542E09}.Release|Any CPU.ActiveCfg = Release|Any CPU
		{0DAAB488-C549-425F-A8CA-F0F6B2542E09}.Release|Any CPU.Build.0 = Release|Any CPU
		{046FCD61-0B28-4DB0-9628-19381CE9A739}.Debug|Any CPU.ActiveCfg = Debug|Any CPU
		{046FCD61-0B28-4DB0-9628-19381CE9A739}.Debug|Any CPU.Build.0 = Debug|Any CPU
		{046FCD61-0B28-4DB0-9628-19381CE9A739}.Release|Any CPU.ActiveCfg = Release|Any CPU
		{046FCD61-0B28-4DB0-9628-19381CE9A739}.Release|Any CPU.Build.0 = Release|Any CPU
		{1FBEE02C-AFC1-47E8-98D9-C3F131E1F9B4}.Debug|Any CPU.ActiveCfg = Debug|Any CPU
		{1FBEE02C-AFC1-47E8-98D9-C3F131E1F9B4}.Debug|Any CPU.Build.0 = Debug|Any CPU
		{1FBEE02C-AFC1-47E8-98D9-C3F131E1F9B4}.Release|Any CPU.ActiveCfg = Release|Any CPU
		{1FBEE02C-AFC1-47E8-98D9-C3F131E1F9B4}.Release|Any CPU.Build.0 = Release|Any CPU
		{B6747925-1987-471E-9F57-D06F69488FDE}.Debug|Any CPU.ActiveCfg = Debug|Any CPU
		{B6747925-1987-471E-9F57-D06F69488FDE}.Debug|Any CPU.Build.0 = Debug|Any CPU
		{B6747925-1987-471E-9F57-D06F69488FDE}.Release|Any CPU.ActiveCfg = Release|Any CPU
		{B6747925-1987-471E-9F57-D06F69488FDE}.Release|Any CPU.Build.0 = Release|Any CPU
		{5F8AC57C-220D-498B-97B2-93C774319B53}.Debug|Any CPU.ActiveCfg = Debug|Any CPU
		{5F8AC57C-220D-498B-97B2-93C774319B53}.Debug|Any CPU.Build.0 = Debug|Any CPU
		{5F8AC57C-220D-498B-97B2-93C774319B53}.Release|Any CPU.ActiveCfg = Release|Any CPU
		{5F8AC57C-220D-498B-97B2-93C774319B53}.Release|Any CPU.Build.0 = Release|Any CPU
		{9EBC8C65-649D-4384-9082-3ECC15BDA5C7}.Debug|Any CPU.ActiveCfg = Debug|Any CPU
		{9EBC8C65-649D-4384-9082-3ECC15BDA5C7}.Debug|Any CPU.Build.0 = Debug|Any CPU
		{9EBC8C65-649D-4384-9082-3ECC15BDA5C7}.Release|Any CPU.ActiveCfg = Release|Any CPU
		{9EBC8C65-649D-4384-9082-3ECC15BDA5C7}.Release|Any CPU.Build.0 = Release|Any CPU
		{AFECC801-281B-428B-8A0D-F92EE7D75C69}.Debug|Any CPU.ActiveCfg = Debug|Any CPU
		{AFECC801-281B-428B-8A0D-F92EE7D75C69}.Debug|Any CPU.Build.0 = Debug|Any CPU
		{AFECC801-281B-428B-8A0D-F92EE7D75C69}.Release|Any CPU.ActiveCfg = Release|Any CPU
		{AFECC801-281B-428B-8A0D-F92EE7D75C69}.Release|Any CPU.Build.0 = Release|Any CPU
		{316B263E-C3E2-4FB3-B213-9CD4368CF6E5}.Debug|Any CPU.ActiveCfg = Debug|Any CPU
		{316B263E-C3E2-4FB3-B213-9CD4368CF6E5}.Debug|Any CPU.Build.0 = Debug|Any CPU
		{316B263E-C3E2-4FB3-B213-9CD4368CF6E5}.Release|Any CPU.ActiveCfg = Release|Any CPU
		{316B263E-C3E2-4FB3-B213-9CD4368CF6E5}.Release|Any CPU.Build.0 = Release|Any CPU
		{02113838-1CF1-4205-BDD1-4D807FFF1164}.Debug|Any CPU.ActiveCfg = Debug|Any CPU
		{02113838-1CF1-4205-BDD1-4D807FFF1164}.Debug|Any CPU.Build.0 = Debug|Any CPU
		{02113838-1CF1-4205-BDD1-4D807FFF1164}.Release|Any CPU.ActiveCfg = Release|Any CPU
		{02113838-1CF1-4205-BDD1-4D807FFF1164}.Release|Any CPU.Build.0 = Release|Any CPU
		{A2D93477-DE59-491E-B477-1B8F5653C1D8}.Debug|Any CPU.ActiveCfg = Debug|Any CPU
		{A2D93477-DE59-491E-B477-1B8F5653C1D8}.Debug|Any CPU.Build.0 = Debug|Any CPU
		{A2D93477-DE59-491E-B477-1B8F5653C1D8}.Release|Any CPU.ActiveCfg = Release|Any CPU
		{A2D93477-DE59-491E-B477-1B8F5653C1D8}.Release|Any CPU.Build.0 = Release|Any CPU
		{8191ED4C-AFA7-4554-8508-F79A9838CEA4}.Debug|Any CPU.ActiveCfg = Debug|Any CPU
		{8191ED4C-AFA7-4554-8508-F79A9838CEA4}.Debug|Any CPU.Build.0 = Debug|Any CPU
		{8191ED4C-AFA7-4554-8508-F79A9838CEA4}.Release|Any CPU.ActiveCfg = Release|Any CPU
		{8191ED4C-AFA7-4554-8508-F79A9838CEA4}.Release|Any CPU.Build.0 = Release|Any CPU
		{1A8DA0A9-FBFC-47A3-A1EC-768953BC9A52}.Debug|Any CPU.ActiveCfg = Debug|Any CPU
		{1A8DA0A9-FBFC-47A3-A1EC-768953BC9A52}.Debug|Any CPU.Build.0 = Debug|Any CPU
		{1A8DA0A9-FBFC-47A3-A1EC-768953BC9A52}.Release|Any CPU.ActiveCfg = Release|Any CPU
		{1A8DA0A9-FBFC-47A3-A1EC-768953BC9A52}.Release|Any CPU.Build.0 = Release|Any CPU
		{6693E614-55F7-47C0-8F19-A1F5700C2129}.Debug|Any CPU.ActiveCfg = Debug|Any CPU
		{6693E614-55F7-47C0-8F19-A1F5700C2129}.Debug|Any CPU.Build.0 = Debug|Any CPU
		{6693E614-55F7-47C0-8F19-A1F5700C2129}.Release|Any CPU.ActiveCfg = Release|Any CPU
		{6693E614-55F7-47C0-8F19-A1F5700C2129}.Release|Any CPU.Build.0 = Release|Any CPU
		{29CA07CC-E9AA-4E2A-AD22-406461A081EF}.Debug|Any CPU.ActiveCfg = Debug|Any CPU
		{29CA07CC-E9AA-4E2A-AD22-406461A081EF}.Debug|Any CPU.Build.0 = Debug|Any CPU
		{29CA07CC-E9AA-4E2A-AD22-406461A081EF}.Release|Any CPU.ActiveCfg = Release|Any CPU
		{29CA07CC-E9AA-4E2A-AD22-406461A081EF}.Release|Any CPU.Build.0 = Release|Any CPU
		{36681A2C-6CD0-463D-B862-BDB02A01387B}.Debug|Any CPU.ActiveCfg = Debug|Any CPU
		{36681A2C-6CD0-463D-B862-BDB02A01387B}.Debug|Any CPU.Build.0 = Debug|Any CPU
		{36681A2C-6CD0-463D-B862-BDB02A01387B}.Release|Any CPU.ActiveCfg = Release|Any CPU
		{36681A2C-6CD0-463D-B862-BDB02A01387B}.Release|Any CPU.Build.0 = Release|Any CPU
		{EAF12A30-01F3-454F-9964-576E3D337DAA}.Debug|Any CPU.ActiveCfg = Debug|Any CPU
		{EAF12A30-01F3-454F-9964-576E3D337DAA}.Debug|Any CPU.Build.0 = Debug|Any CPU
		{EAF12A30-01F3-454F-9964-576E3D337DAA}.Release|Any CPU.ActiveCfg = Release|Any CPU
		{EAF12A30-01F3-454F-9964-576E3D337DAA}.Release|Any CPU.Build.0 = Release|Any CPU
		{2292DB09-EE20-4C74-B9BC-72BD13CE9F30}.Debug|Any CPU.ActiveCfg = Debug|Any CPU
		{2292DB09-EE20-4C74-B9BC-72BD13CE9F30}.Debug|Any CPU.Build.0 = Debug|Any CPU
		{2292DB09-EE20-4C74-B9BC-72BD13CE9F30}.Release|Any CPU.ActiveCfg = Release|Any CPU
		{2292DB09-EE20-4C74-B9BC-72BD13CE9F30}.Release|Any CPU.Build.0 = Release|Any CPU
		{FE573B3A-1311-4943-9F4B-AF7B6528E9FE}.Debug|Any CPU.ActiveCfg = Debug|Any CPU
		{FE573B3A-1311-4943-9F4B-AF7B6528E9FE}.Debug|Any CPU.Build.0 = Debug|Any CPU
		{FE573B3A-1311-4943-9F4B-AF7B6528E9FE}.Release|Any CPU.ActiveCfg = Release|Any CPU
		{FE573B3A-1311-4943-9F4B-AF7B6528E9FE}.Release|Any CPU.Build.0 = Release|Any CPU
		{3D64E366-BA39-437C-8E3C-6852DABE0F65}.Debug|Any CPU.ActiveCfg = Debug|Any CPU
		{3D64E366-BA39-437C-8E3C-6852DABE0F65}.Debug|Any CPU.Build.0 = Debug|Any CPU
		{3D64E366-BA39-437C-8E3C-6852DABE0F65}.Release|Any CPU.ActiveCfg = Release|Any CPU
		{3D64E366-BA39-437C-8E3C-6852DABE0F65}.Release|Any CPU.Build.0 = Release|Any CPU
		{FA332081-88BF-461B-ADE7-AA99D1E88022}.Debug|Any CPU.ActiveCfg = Debug|Any CPU
		{FA332081-88BF-461B-ADE7-AA99D1E88022}.Debug|Any CPU.Build.0 = Debug|Any CPU
		{FA332081-88BF-461B-ADE7-AA99D1E88022}.Release|Any CPU.ActiveCfg = Release|Any CPU
		{FA332081-88BF-461B-ADE7-AA99D1E88022}.Release|Any CPU.Build.0 = Release|Any CPU
		{A7A9E80E-5848-40A0-961D-36AE50D754A3}.Debug|Any CPU.ActiveCfg = Debug|Any CPU
		{A7A9E80E-5848-40A0-961D-36AE50D754A3}.Debug|Any CPU.Build.0 = Debug|Any CPU
		{A7A9E80E-5848-40A0-961D-36AE50D754A3}.Release|Any CPU.ActiveCfg = Release|Any CPU
		{A7A9E80E-5848-40A0-961D-36AE50D754A3}.Release|Any CPU.Build.0 = Release|Any CPU
		{5DCA69CF-0D72-4A2A-B918-3D949E8A10BB}.Debug|Any CPU.ActiveCfg = Debug|Any CPU
		{5DCA69CF-0D72-4A2A-B918-3D949E8A10BB}.Debug|Any CPU.Build.0 = Debug|Any CPU
		{5DCA69CF-0D72-4A2A-B918-3D949E8A10BB}.Release|Any CPU.ActiveCfg = Release|Any CPU
		{5DCA69CF-0D72-4A2A-B918-3D949E8A10BB}.Release|Any CPU.Build.0 = Release|Any CPU
		{9CCD2E1F-079D-4C82-B8B2-E59E51BDFB67}.Debug|Any CPU.ActiveCfg = Debug|Any CPU
		{9CCD2E1F-079D-4C82-B8B2-E59E51BDFB67}.Debug|Any CPU.Build.0 = Debug|Any CPU
		{9CCD2E1F-079D-4C82-B8B2-E59E51BDFB67}.Release|Any CPU.ActiveCfg = Release|Any CPU
		{9CCD2E1F-079D-4C82-B8B2-E59E51BDFB67}.Release|Any CPU.Build.0 = Release|Any CPU
		{5D72B30B-089B-4FFC-8F5F-0B6425344D71}.Debug|Any CPU.ActiveCfg = Debug|Any CPU
		{5D72B30B-089B-4FFC-8F5F-0B6425344D71}.Debug|Any CPU.Build.0 = Debug|Any CPU
		{5D72B30B-089B-4FFC-8F5F-0B6425344D71}.Release|Any CPU.ActiveCfg = Release|Any CPU
		{5D72B30B-089B-4FFC-8F5F-0B6425344D71}.Release|Any CPU.Build.0 = Release|Any CPU
	EndGlobalSection
	GlobalSection(SolutionProperties) = preSolution
		HideSolutionNode = FALSE
	EndGlobalSection
	GlobalSection(NestedProjects) = preSolution
		{C02F8F2C-94C1-4E1C-93D3-F0774A4C4DC3} = {554CDF36-9A29-452D-B2B8-DE11D3F8165D}
		{E603E233-9BB9-458C-8857-FD1F1AA3B64B} = {554CDF36-9A29-452D-B2B8-DE11D3F8165D}
		{91C8F591-129C-44A8-A506-10C7B835FD11} = {03592B15-C87F-4CF7-9E59-BB78EE48C682}
		{71842D4E-4A75-42FC-B5B6-399B2F94F5BC} = {03592B15-C87F-4CF7-9E59-BB78EE48C682}
		{4A653270-35DF-475A-BA11-63612B9585C8} = {03592B15-C87F-4CF7-9E59-BB78EE48C682}
		{0DAAB488-C549-425F-A8CA-F0F6B2542E09} = {03592B15-C87F-4CF7-9E59-BB78EE48C682}
		{046FCD61-0B28-4DB0-9628-19381CE9A739} = {03592B15-C87F-4CF7-9E59-BB78EE48C682}
		{1FBEE02C-AFC1-47E8-98D9-C3F131E1F9B4} = {03592B15-C87F-4CF7-9E59-BB78EE48C682}
		{B6747925-1987-471E-9F57-D06F69488FDE} = {618BC7E3-F342-4530-B5A6-B329E7CBF530}
		{5F8AC57C-220D-498B-97B2-93C774319B53} = {618BC7E3-F342-4530-B5A6-B329E7CBF530}
		{9EBC8C65-649D-4384-9082-3ECC15BDA5C7} = {618BC7E3-F342-4530-B5A6-B329E7CBF530}
		{AFECC801-281B-428B-8A0D-F92EE7D75C69} = {618BC7E3-F342-4530-B5A6-B329E7CBF530}
		{316B263E-C3E2-4FB3-B213-9CD4368CF6E5} = {618BC7E3-F342-4530-B5A6-B329E7CBF530}
		{02113838-1CF1-4205-BDD1-4D807FFF1164} = {618BC7E3-F342-4530-B5A6-B329E7CBF530}
		{A2D93477-DE59-491E-B477-1B8F5653C1D8} = {131AB8DD-B43D-4415-8213-A2D5CA065CA3}
		{8191ED4C-AFA7-4554-8508-F79A9838CEA4} = {131AB8DD-B43D-4415-8213-A2D5CA065CA3}
		{1A8DA0A9-FBFC-47A3-A1EC-768953BC9A52} = {131AB8DD-B43D-4415-8213-A2D5CA065CA3}
		{6693E614-55F7-47C0-8F19-A1F5700C2129} = {131AB8DD-B43D-4415-8213-A2D5CA065CA3}
		{29CA07CC-E9AA-4E2A-AD22-406461A081EF} = {131AB8DD-B43D-4415-8213-A2D5CA065CA3}
		{36681A2C-6CD0-463D-B862-BDB02A01387B} = {131AB8DD-B43D-4415-8213-A2D5CA065CA3}
		{EAF12A30-01F3-454F-9964-576E3D337DAA} = {131AB8DD-B43D-4415-8213-A2D5CA065CA3}
		{2292DB09-EE20-4C74-B9BC-72BD13CE9F30} = {38ED95E8-1E8D-4F42-B57F-F926AEB33D8C}
		{FE573B3A-1311-4943-9F4B-AF7B6528E9FE} = {38ED95E8-1E8D-4F42-B57F-F926AEB33D8C}
		{3D64E366-BA39-437C-8E3C-6852DABE0F65} = {38ED95E8-1E8D-4F42-B57F-F926AEB33D8C}
		{A7A9E80E-5848-40A0-961D-36AE50D754A3} = {D7BD56C5-4BF3-4571-B48F-FB48CCD10D53}
		{5DCA69CF-0D72-4A2A-B918-3D949E8A10BB} = {D7BD56C5-4BF3-4571-B48F-FB48CCD10D53}
		{9CCD2E1F-079D-4C82-B8B2-E59E51BDFB67} = {D7BD56C5-4BF3-4571-B48F-FB48CCD10D53}
		{5D72B30B-089B-4FFC-8F5F-0B6425344D71} = {D7BD56C5-4BF3-4571-B48F-FB48CCD10D53}
	EndGlobalSection
EndGlobal
